
Microsoft Visual Studio Solution File, Format Version 12.00
# Visual Studio Version 17
VisualStudioVersion = 17.14.36401.2 d17.14
MinimumVisualStudioVersion = 10.0.40219.1
Project("{FAE04EC0-301F-11D3-BF4B-00C04F79EFBC}") = "LambdaNotificacion", "LambdaNotificacion\LambdaNotificacion.csproj", "{56E8DBBD-3C48-574C-FE58-518D9AD4057C}"
EndProject
Global
	GlobalSection(SolutionConfigurationPlatforms) = preSolution
		Debug|Any CPU = Debug|Any CPU
		Release|Any CPU = Release|Any CPU
	EndGlobalSection
	GlobalSection(ProjectConfigurationPlatforms) = postSolution
		{56E8DBBD-3C48-574C-FE58-518D9AD4057C}.Debug|Any CPU.ActiveCfg = Debug|Any CPU
		{56E8DBBD-3C48-574C-FE58-518D9AD4057C}.Debug|Any CPU.Build.0 = Debug|Any CPU
		{56E8DBBD-3C48-574C-FE58-518D9AD4057C}.Release|Any CPU.ActiveCfg = Release|Any CPU
		{56E8DBBD-3C48-574C-FE58-518D9AD4057C}.Release|Any CPU.Build.0 = Release|Any CPU
	EndGlobalSection
	GlobalSection(SolutionProperties) = preSolution
		HideSolutionNode = FALSE
	EndGlobalSection
	GlobalSection(ExtensibilityGlobals) = postSolution
		SolutionGuid = {26406CB5-1351-482F-83F1-A7B6488F4C6E}
	EndGlobalSection
EndGlobal
